
Microsoft Visual Studio Solution File, Format Version 12.00
# Visual Studio 15
VisualStudioVersion = 15.0.28010.2016
MinimumVisualStudioVersion = 10.0.40219.1
Project("{FAE04EC0-301F-11D3-BF4B-00C04F79EFBC}") = "Count", "Count\Count.csproj", "{931A900D-DEA4-4852-AFB5-E6BA13D07FE3}"
EndProject
Global
	GlobalSection(SolutionConfigurationPlatforms) = preSolution
		Debug|Any CPU = Debug|Any CPU
		Release|Any CPU = Release|Any CPU
	EndGlobalSection
	GlobalSection(ProjectConfigurationPlatforms) = postSolution
		{931A900D-DEA4-4852-AFB5-E6BA13D07FE3}.Debug|Any CPU.ActiveCfg = Debug|Any CPU
		{931A900D-DEA4-4852-AFB5-E6BA13D07FE3}.Debug|Any CPU.Build.0 = Debug|Any CPU
		{931A900D-DEA4-4852-AFB5-E6BA13D07FE3}.Release|Any CPU.ActiveCfg = Release|Any CPU
		{931A900D-DEA4-4852-AFB5-E6BA13D07FE3}.Release|Any CPU.Build.0 = Release|Any CPU
	EndGlobalSection
	GlobalSection(SolutionProperties) = preSolution
		HideSolutionNode = FALSE
	EndGlobalSection
	GlobalSection(ExtensibilityGlobals) = postSolution
		SolutionGuid = {AA83B8B0-79E7-48A8-A63D-FA1784D2B4BF}
	EndGlobalSection
EndGlobal
